
Microsoft Visual Studio Solution File, Format Version 12.00
# Visual Studio 15
VisualStudioVersion = 15.0.26124.0
MinimumVisualStudioVersion = 15.0.26124.0
Project("{FAE04EC0-301F-11D3-BF4B-00C04F79EFBC}") = "GS.Logging.Entities", "GS.Logging.Entities\GS.Logging.Entities.csproj", "{14D9A04F-5882-46B1-9ABD-C890E45EEC7D}"
EndProject
Project("{FAE04EC0-301F-11D3-BF4B-00C04F79EFBC}") = "GS.Logging.Repositories", "GS.Logging.Repositories\GS.Logging.Repositories.csproj", "{CC829D88-D02C-48A6-8935-582E4E202BA0}"
EndProject
Project("{FAE04EC0-301F-11D3-BF4B-00C04F79EFBC}") = "GS.Logging.Api", "GS.Logging.Api\GS.Logging.Api.csproj", "{0F9CABDF-42F1-4D83-A99A-4EEF48707F90}"
EndProject
Project("{FAE04EC0-301F-11D3-BF4B-00C04F79EFBC}") = "GS.Logging.Services", "GS.Logging.Services\GS.Logging.Services.csproj", "{928BA97E-5E79-49BB-9FAF-AE254FE7536E}"
EndProject
Project("{FAE04EC0-301F-11D3-BF4B-00C04F79EFBC}") = "GS.Logging.Client", "GS.Logging.Client\GS.Logging.Client.csproj", "{3405CBC4-0D21-41FC-8C4D-600B24464C8E}"
EndProject
Project("{FAE04EC0-301F-11D3-BF4B-00C04F79EFBC}") = "GS.Core.Messaging.Entities", "..\..\GS.Core\GS.Core.Messaging\GS.Core.Messaging.Entities\GS.Core.Messaging.Entities.csproj", "{3A6FBF6A-1D4F-41A0-8532-835E294389B7}"
EndProject
Project("{FAE04EC0-301F-11D3-BF4B-00C04F79EFBC}") = "GS.Core.Messaging.Consumers", "..\..\GS.Core\GS.Core.Messaging\GS.Core.Messaging.Consumers\GS.Core.Messaging.Consumers.csproj", "{67A4FF9A-8F64-4376-B4DB-1F49D2EC3FA7}"
EndProject
Project("{FAE04EC0-301F-11D3-BF4B-00C04F79EFBC}") = "GS.Core.Logging", "..\..\GS.Core\GS.Core.Logging\GS.Core.Logging.csproj", "{9FBB1DB9-F1D6-41FD-A94F-196FF5738874}"
EndProject
Project("{FAE04EC0-301F-11D3-BF4B-00C04F79EFBC}") = "GS.Core.Helpers", "..\..\GS.Core\GS.Core.Helpers\GS.Core.Helpers.csproj", "{CDF69886-9C9E-47BE-8CFC-CC91DA9B45A1}"
EndProject
Project("{2150E333-8FDC-42A3-9474-1A3956D46DE8}") = "Tests", "Tests", "{574B8F0C-FFC3-4B3E-8F45-1CBD77FC26AD}"
EndProject
Project("{FAE04EC0-301F-11D3-BF4B-00C04F79EFBC}") = "GS.Logging.Tests.Client", "Tests\GS.Logging.Tests.Client\GS.Logging.Tests.Client.csproj", "{E310B424-423A-428F-90C3-F5C506D0DC16}"
EndProject
Global
	GlobalSection(SolutionConfigurationPlatforms) = preSolution
		Debug|Any CPU = Debug|Any CPU
		Debug|x64 = Debug|x64
		Debug|x86 = Debug|x86
		Release|Any CPU = Release|Any CPU
		Release|x64 = Release|x64
		Release|x86 = Release|x86
	EndGlobalSection
	GlobalSection(SolutionProperties) = preSolution
		HideSolutionNode = FALSE
	EndGlobalSection
	GlobalSection(ProjectConfigurationPlatforms) = postSolution
		{14D9A04F-5882-46B1-9ABD-C890E45EEC7D}.Debug|Any CPU.ActiveCfg = Debug|Any CPU
		{14D9A04F-5882-46B1-9ABD-C890E45EEC7D}.Debug|Any CPU.Build.0 = Debug|Any CPU
		{14D9A04F-5882-46B1-9ABD-C890E45EEC7D}.Debug|x64.ActiveCfg = Debug|Any CPU
		{14D9A04F-5882-46B1-9ABD-C890E45EEC7D}.Debug|x64.Build.0 = Debug|Any CPU
		{14D9A04F-5882-46B1-9ABD-C890E45EEC7D}.Debug|x86.ActiveCfg = Debug|Any CPU
		{14D9A04F-5882-46B1-9ABD-C890E45EEC7D}.Debug|x86.Build.0 = Debug|Any CPU
		{14D9A04F-5882-46B1-9ABD-C890E45EEC7D}.Release|Any CPU.ActiveCfg = Release|Any CPU
		{14D9A04F-5882-46B1-9ABD-C890E45EEC7D}.Release|Any CPU.Build.0 = Release|Any CPU
		{14D9A04F-5882-46B1-9ABD-C890E45EEC7D}.Release|x64.ActiveCfg = Release|Any CPU
		{14D9A04F-5882-46B1-9ABD-C890E45EEC7D}.Release|x64.Build.0 = Release|Any CPU
		{14D9A04F-5882-46B1-9ABD-C890E45EEC7D}.Release|x86.ActiveCfg = Release|Any CPU
		{14D9A04F-5882-46B1-9ABD-C890E45EEC7D}.Release|x86.Build.0 = Release|Any CPU
		{CC829D88-D02C-48A6-8935-582E4E202BA0}.Debug|Any CPU.ActiveCfg = Debug|Any CPU
		{CC829D88-D02C-48A6-8935-582E4E202BA0}.Debug|Any CPU.Build.0 = Debug|Any CPU
		{CC829D88-D02C-48A6-8935-582E4E202BA0}.Debug|x64.ActiveCfg = Debug|Any CPU
		{CC829D88-D02C-48A6-8935-582E4E202BA0}.Debug|x64.Build.0 = Debug|Any CPU
		{CC829D88-D02C-48A6-8935-582E4E202BA0}.Debug|x86.ActiveCfg = Debug|Any CPU
		{CC829D88-D02C-48A6-8935-582E4E202BA0}.Debug|x86.Build.0 = Debug|Any CPU
		{CC829D88-D02C-48A6-8935-582E4E202BA0}.Release|Any CPU.ActiveCfg = Release|Any CPU
		{CC829D88-D02C-48A6-8935-582E4E202BA0}.Release|Any CPU.Build.0 = Release|Any CPU
		{CC829D88-D02C-48A6-8935-582E4E202BA0}.Release|x64.ActiveCfg = Release|Any CPU
		{CC829D88-D02C-48A6-8935-582E4E202BA0}.Release|x64.Build.0 = Release|Any CPU
		{CC829D88-D02C-48A6-8935-582E4E202BA0}.Release|x86.ActiveCfg = Release|Any CPU
		{CC829D88-D02C-48A6-8935-582E4E202BA0}.Release|x86.Build.0 = Release|Any CPU
		{0F9CABDF-42F1-4D83-A99A-4EEF48707F90}.Debug|Any CPU.ActiveCfg = Debug|Any CPU
		{0F9CABDF-42F1-4D83-A99A-4EEF48707F90}.Debug|Any CPU.Build.0 = Debug|Any CPU
		{0F9CABDF-42F1-4D83-A99A-4EEF48707F90}.Debug|x64.ActiveCfg = Debug|Any CPU
		{0F9CABDF-42F1-4D83-A99A-4EEF48707F90}.Debug|x64.Build.0 = Debug|Any CPU
		{0F9CABDF-42F1-4D83-A99A-4EEF48707F90}.Debug|x86.ActiveCfg = Debug|Any CPU
		{0F9CABDF-42F1-4D83-A99A-4EEF48707F90}.Debug|x86.Build.0 = Debug|Any CPU
		{0F9CABDF-42F1-4D83-A99A-4EEF48707F90}.Release|Any CPU.ActiveCfg = Release|Any CPU
		{0F9CABDF-42F1-4D83-A99A-4EEF48707F90}.Release|Any CPU.Build.0 = Release|Any CPU
		{0F9CABDF-42F1-4D83-A99A-4EEF48707F90}.Release|x64.ActiveCfg = Release|Any CPU
		{0F9CABDF-42F1-4D83-A99A-4EEF48707F90}.Release|x64.Build.0 = Release|Any CPU
		{0F9CABDF-42F1-4D83-A99A-4EEF48707F90}.Release|x86.ActiveCfg = Release|Any CPU
		{0F9CABDF-42F1-4D83-A99A-4EEF48707F90}.Release|x86.Build.0 = Release|Any CPU
		{928BA97E-5E79-49BB-9FAF-AE254FE7536E}.Debug|Any CPU.ActiveCfg = Debug|Any CPU
		{928BA97E-5E79-49BB-9FAF-AE254FE7536E}.Debug|Any CPU.Build.0 = Debug|Any CPU
		{928BA97E-5E79-49BB-9FAF-AE254FE7536E}.Debug|x64.ActiveCfg = Debug|Any CPU
		{928BA97E-5E79-49BB-9FAF-AE254FE7536E}.Debug|x64.Build.0 = Debug|Any CPU
		{928BA97E-5E79-49BB-9FAF-AE254FE7536E}.Debug|x86.ActiveCfg = Debug|Any CPU
		{928BA97E-5E79-49BB-9FAF-AE254FE7536E}.Debug|x86.Build.0 = Debug|Any CPU
		{928BA97E-5E79-49BB-9FAF-AE254FE7536E}.Release|Any CPU.ActiveCfg = Release|Any CPU
		{928BA97E-5E79-49BB-9FAF-AE254FE7536E}.Release|Any CPU.Build.0 = Release|Any CPU
		{928BA97E-5E79-49BB-9FAF-AE254FE7536E}.Release|x64.ActiveCfg = Release|Any CPU
		{928BA97E-5E79-49BB-9FAF-AE254FE7536E}.Release|x64.Build.0 = Release|Any CPU
		{928BA97E-5E79-49BB-9FAF-AE254FE7536E}.Release|x86.ActiveCfg = Release|Any CPU
		{928BA97E-5E79-49BB-9FAF-AE254FE7536E}.Release|x86.Build.0 = Release|Any CPU
		{3405CBC4-0D21-41FC-8C4D-600B24464C8E}.Debug|Any CPU.ActiveCfg = Debug|Any CPU
		{3405CBC4-0D21-41FC-8C4D-600B24464C8E}.Debug|Any CPU.Build.0 = Debug|Any CPU
		{3405CBC4-0D21-41FC-8C4D-600B24464C8E}.Debug|x64.ActiveCfg = Debug|Any CPU
		{3405CBC4-0D21-41FC-8C4D-600B24464C8E}.Debug|x64.Build.0 = Debug|Any CPU
		{3405CBC4-0D21-41FC-8C4D-600B24464C8E}.Debug|x86.ActiveCfg = Debug|Any CPU
		{3405CBC4-0D21-41FC-8C4D-600B24464C8E}.Debug|x86.Build.0 = Debug|Any CPU
		{3405CBC4-0D21-41FC-8C4D-600B24464C8E}.Release|Any CPU.ActiveCfg = Release|Any CPU
		{3405CBC4-0D21-41FC-8C4D-600B24464C8E}.Release|Any CPU.Build.0 = Release|Any CPU
		{3405CBC4-0D21-41FC-8C4D-600B24464C8E}.Release|x64.ActiveCfg = Release|Any CPU
		{3405CBC4-0D21-41FC-8C4D-600B24464C8E}.Release|x64.Build.0 = Release|Any CPU
		{3405CBC4-0D21-41FC-8C4D-600B24464C8E}.Release|x86.ActiveCfg = Release|Any CPU
		{3405CBC4-0D21-41FC-8C4D-600B24464C8E}.Release|x86.Build.0 = Release|Any CPU
		{3A6FBF6A-1D4F-41A0-8532-835E294389B7}.Debug|Any CPU.ActiveCfg = Debug|Any CPU
		{3A6FBF6A-1D4F-41A0-8532-835E294389B7}.Debug|Any CPU.Build.0 = Debug|Any CPU
		{3A6FBF6A-1D4F-41A0-8532-835E294389B7}.Debug|x64.ActiveCfg = Debug|Any CPU
		{3A6FBF6A-1D4F-41A0-8532-835E294389B7}.Debug|x64.Build.0 = Debug|Any CPU
		{3A6FBF6A-1D4F-41A0-8532-835E294389B7}.Debug|x86.ActiveCfg = Debug|Any CPU
		{3A6FBF6A-1D4F-41A0-8532-835E294389B7}.Debug|x86.Build.0 = Debug|Any CPU
		{3A6FBF6A-1D4F-41A0-8532-835E294389B7}.Release|Any CPU.ActiveCfg = Release|Any CPU
		{3A6FBF6A-1D4F-41A0-8532-835E294389B7}.Release|Any CPU.Build.0 = Release|Any CPU
		{3A6FBF6A-1D4F-41A0-8532-835E294389B7}.Release|x64.ActiveCfg = Release|Any CPU
		{3A6FBF6A-1D4F-41A0-8532-835E294389B7}.Release|x64.Build.0 = Release|Any CPU
		{3A6FBF6A-1D4F-41A0-8532-835E294389B7}.Release|x86.ActiveCfg = Release|Any CPU
		{3A6FBF6A-1D4F-41A0-8532-835E294389B7}.Release|x86.Build.0 = Release|Any CPU
		{67A4FF9A-8F64-4376-B4DB-1F49D2EC3FA7}.Debug|Any CPU.ActiveCfg = Debug|Any CPU
		{67A4FF9A-8F64-4376-B4DB-1F49D2EC3FA7}.Debug|Any CPU.Build.0 = Debug|Any CPU
		{67A4FF9A-8F64-4376-B4DB-1F49D2EC3FA7}.Debug|x64.ActiveCfg = Debug|Any CPU
		{67A4FF9A-8F64-4376-B4DB-1F49D2EC3FA7}.Debug|x64.Build.0 = Debug|Any CPU
		{67A4FF9A-8F64-4376-B4DB-1F49D2EC3FA7}.Debug|x86.ActiveCfg = Debug|Any CPU
		{67A4FF9A-8F64-4376-B4DB-1F49D2EC3FA7}.Debug|x86.Build.0 = Debug|Any CPU
		{67A4FF9A-8F64-4376-B4DB-1F49D2EC3FA7}.Release|Any CPU.ActiveCfg = Release|Any CPU
		{67A4FF9A-8F64-4376-B4DB-1F49D2EC3FA7}.Release|Any CPU.Build.0 = Release|Any CPU
		{67A4FF9A-8F64-4376-B4DB-1F49D2EC3FA7}.Release|x64.ActiveCfg = Release|Any CPU
		{67A4FF9A-8F64-4376-B4DB-1F49D2EC3FA7}.Release|x64.Build.0 = Release|Any CPU
		{67A4FF9A-8F64-4376-B4DB-1F49D2EC3FA7}.Release|x86.ActiveCfg = Release|Any CPU
		{67A4FF9A-8F64-4376-B4DB-1F49D2EC3FA7}.Release|x86.Build.0 = Release|Any CPU
		{9FBB1DB9-F1D6-41FD-A94F-196FF5738874}.Debug|Any CPU.ActiveCfg = Debug|Any CPU
		{9FBB1DB9-F1D6-41FD-A94F-196FF5738874}.Debug|Any CPU.Build.0 = Debug|Any CPU
		{9FBB1DB9-F1D6-41FD-A94F-196FF5738874}.Debug|x64.ActiveCfg = Debug|Any CPU
		{9FBB1DB9-F1D6-41FD-A94F-196FF5738874}.Debug|x64.Build.0 = Debug|Any CPU
		{9FBB1DB9-F1D6-41FD-A94F-196FF5738874}.Debug|x86.ActiveCfg = Debug|Any CPU
		{9FBB1DB9-F1D6-41FD-A94F-196FF5738874}.Debug|x86.Build.0 = Debug|Any CPU
		{9FBB1DB9-F1D6-41FD-A94F-196FF5738874}.Release|Any CPU.ActiveCfg = Release|Any CPU
		{9FBB1DB9-F1D6-41FD-A94F-196FF5738874}.Release|Any CPU.Build.0 = Release|Any CPU
		{9FBB1DB9-F1D6-41FD-A94F-196FF5738874}.Release|x64.ActiveCfg = Release|Any CPU
		{9FBB1DB9-F1D6-41FD-A94F-196FF5738874}.Release|x64.Build.0 = Release|Any CPU
		{9FBB1DB9-F1D6-41FD-A94F-196FF5738874}.Release|x86.ActiveCfg = Release|Any CPU
		{9FBB1DB9-F1D6-41FD-A94F-196FF5738874}.Release|x86.Build.0 = Release|Any CPU
		{CDF69886-9C9E-47BE-8CFC-CC91DA9B45A1}.Debug|Any CPU.ActiveCfg = Debug|Any CPU
		{CDF69886-9C9E-47BE-8CFC-CC91DA9B45A1}.Debug|Any CPU.Build.0 = Debug|Any CPU
		{CDF69886-9C9E-47BE-8CFC-CC91DA9B45A1}.Debug|x64.ActiveCfg = Debug|Any CPU
		{CDF69886-9C9E-47BE-8CFC-CC91DA9B45A1}.Debug|x64.Build.0 = Debug|Any CPU
		{CDF69886-9C9E-47BE-8CFC-CC91DA9B45A1}.Debug|x86.ActiveCfg = Debug|Any CPU
		{CDF69886-9C9E-47BE-8CFC-CC91DA9B45A1}.Debug|x86.Build.0 = Debug|Any CPU
		{CDF69886-9C9E-47BE-8CFC-CC91DA9B45A1}.Release|Any CPU.ActiveCfg = Release|Any CPU
		{CDF69886-9C9E-47BE-8CFC-CC91DA9B45A1}.Release|Any CPU.Build.0 = Release|Any CPU
		{CDF69886-9C9E-47BE-8CFC-CC91DA9B45A1}.Release|x64.ActiveCfg = Release|Any CPU
		{CDF69886-9C9E-47BE-8CFC-CC91DA9B45A1}.Release|x64.Build.0 = Release|Any CPU
		{CDF69886-9C9E-47BE-8CFC-CC91DA9B45A1}.Release|x86.ActiveCfg = Release|Any CPU
		{CDF69886-9C9E-47BE-8CFC-CC91DA9B45A1}.Release|x86.Build.0 = Release|Any CPU
		{E310B424-423A-428F-90C3-F5C506D0DC16}.Debug|Any CPU.ActiveCfg = Debug|Any CPU
		{E310B424-423A-428F-90C3-F5C506D0DC16}.Debug|Any CPU.Build.0 = Debug|Any CPU
		{E310B424-423A-428F-90C3-F5C506D0DC16}.Debug|x64.ActiveCfg = Debug|Any CPU
		{E310B424-423A-428F-90C3-F5C506D0DC16}.Debug|x64.Build.0 = Debug|Any CPU
		{E310B424-423A-428F-90C3-F5C506D0DC16}.Debug|x86.ActiveCfg = Debug|Any CPU
		{E310B424-423A-428F-90C3-F5C506D0DC16}.Debug|x86.Build.0 = Debug|Any CPU
		{E310B424-423A-428F-90C3-F5C506D0DC16}.Release|Any CPU.ActiveCfg = Release|Any CPU
		{E310B424-423A-428F-90C3-F5C506D0DC16}.Release|Any CPU.Build.0 = Release|Any CPU
		{E310B424-423A-428F-90C3-F5C506D0DC16}.Release|x64.ActiveCfg = Release|Any CPU
		{E310B424-423A-428F-90C3-F5C506D0DC16}.Release|x64.Build.0 = Release|Any CPU
		{E310B424-423A-428F-90C3-F5C506D0DC16}.Release|x86.ActiveCfg = Release|Any CPU
		{E310B424-423A-428F-90C3-F5C506D0DC16}.Release|x86.Build.0 = Release|Any CPU
	EndGlobalSection
	GlobalSection(NestedProjects) = preSolution
		{E310B424-423A-428F-90C3-F5C506D0DC16} = {574B8F0C-FFC3-4B3E-8F45-1CBD77FC26AD}
	EndGlobalSection
EndGlobal
