
Microsoft Visual Studio Solution File, Format Version 12.00
# Visual Studio 15
VisualStudioVersion = 15.0.26124.0
MinimumVisualStudioVersion = 15.0.26124.0
Project("{FAE04EC0-301F-11D3-BF4B-00C04F79EFBC}") = "GT.Logging.Entities", "GT.Logging.Entities\GT.Logging.Entities.csproj", "{D78A2A74-9FAB-4D43-8A2D-C78A210F8B43}"
EndProject
Project("{FAE04EC0-301F-11D3-BF4B-00C04F79EFBC}") = "GT.Logging.Api", "GT.Logging.Api\GT.Logging.Api.csproj", "{C5D24135-02CE-41B9-9A0B-69277D6E6C18}"
EndProject
Project("{FAE04EC0-301F-11D3-BF4B-00C04F79EFBC}") = "GT.Logging.Repositories", "GT.Logging.Repositories\GT.Logging.Repositories.csproj", "{95E214A9-8685-4C05-9F74-F4FA30A8EF76}"
EndProject
Global
	GlobalSection(SolutionConfigurationPlatforms) = preSolution
		Debug|Any CPU = Debug|Any CPU
		Debug|x64 = Debug|x64
		Debug|x86 = Debug|x86
		Release|Any CPU = Release|Any CPU
		Release|x64 = Release|x64
		Release|x86 = Release|x86
	EndGlobalSection
	GlobalSection(SolutionProperties) = preSolution
		HideSolutionNode = FALSE
	EndGlobalSection
	GlobalSection(ProjectConfigurationPlatforms) = postSolution
		{D78A2A74-9FAB-4D43-8A2D-C78A210F8B43}.Debug|Any CPU.ActiveCfg = Debug|Any CPU
		{D78A2A74-9FAB-4D43-8A2D-C78A210F8B43}.Debug|Any CPU.Build.0 = Debug|Any CPU
		{D78A2A74-9FAB-4D43-8A2D-C78A210F8B43}.Debug|x64.ActiveCfg = Debug|Any CPU
		{D78A2A74-9FAB-4D43-8A2D-C78A210F8B43}.Debug|x64.Build.0 = Debug|Any CPU
		{D78A2A74-9FAB-4D43-8A2D-C78A210F8B43}.Debug|x86.ActiveCfg = Debug|Any CPU
		{D78A2A74-9FAB-4D43-8A2D-C78A210F8B43}.Debug|x86.Build.0 = Debug|Any CPU
		{D78A2A74-9FAB-4D43-8A2D-C78A210F8B43}.Release|Any CPU.ActiveCfg = Release|Any CPU
		{D78A2A74-9FAB-4D43-8A2D-C78A210F8B43}.Release|Any CPU.Build.0 = Release|Any CPU
		{D78A2A74-9FAB-4D43-8A2D-C78A210F8B43}.Release|x64.ActiveCfg = Release|Any CPU
		{D78A2A74-9FAB-4D43-8A2D-C78A210F8B43}.Release|x64.Build.0 = Release|Any CPU
		{D78A2A74-9FAB-4D43-8A2D-C78A210F8B43}.Release|x86.ActiveCfg = Release|Any CPU
		{D78A2A74-9FAB-4D43-8A2D-C78A210F8B43}.Release|x86.Build.0 = Release|Any CPU
		{C5D24135-02CE-41B9-9A0B-69277D6E6C18}.Debug|Any CPU.ActiveCfg = Debug|Any CPU
		{C5D24135-02CE-41B9-9A0B-69277D6E6C18}.Debug|Any CPU.Build.0 = Debug|Any CPU
		{C5D24135-02CE-41B9-9A0B-69277D6E6C18}.Debug|x64.ActiveCfg = Debug|Any CPU
		{C5D24135-02CE-41B9-9A0B-69277D6E6C18}.Debug|x64.Build.0 = Debug|Any CPU
		{C5D24135-02CE-41B9-9A0B-69277D6E6C18}.Debug|x86.ActiveCfg = Debug|Any CPU
		{C5D24135-02CE-41B9-9A0B-69277D6E6C18}.Debug|x86.Build.0 = Debug|Any CPU
		{C5D24135-02CE-41B9-9A0B-69277D6E6C18}.Release|Any CPU.ActiveCfg = Release|Any CPU
		{C5D24135-02CE-41B9-9A0B-69277D6E6C18}.Release|Any CPU.Build.0 = Release|Any CPU
		{C5D24135-02CE-41B9-9A0B-69277D6E6C18}.Release|x64.ActiveCfg = Release|Any CPU
		{C5D24135-02CE-41B9-9A0B-69277D6E6C18}.Release|x64.Build.0 = Release|Any CPU
		{C5D24135-02CE-41B9-9A0B-69277D6E6C18}.Release|x86.ActiveCfg = Release|Any CPU
		{C5D24135-02CE-41B9-9A0B-69277D6E6C18}.Release|x86.Build.0 = Release|Any CPU
		{95E214A9-8685-4C05-9F74-F4FA30A8EF76}.Debug|Any CPU.ActiveCfg = Debug|Any CPU
		{95E214A9-8685-4C05-9F74-F4FA30A8EF76}.Debug|Any CPU.Build.0 = Debug|Any CPU
		{95E214A9-8685-4C05-9F74-F4FA30A8EF76}.Debug|x64.ActiveCfg = Debug|Any CPU
		{95E214A9-8685-4C05-9F74-F4FA30A8EF76}.Debug|x64.Build.0 = Debug|Any CPU
		{95E214A9-8685-4C05-9F74-F4FA30A8EF76}.Debug|x86.ActiveCfg = Debug|Any CPU
		{95E214A9-8685-4C05-9F74-F4FA30A8EF76}.Debug|x86.Build.0 = Debug|Any CPU
		{95E214A9-8685-4C05-9F74-F4FA30A8EF76}.Release|Any CPU.ActiveCfg = Release|Any CPU
		{95E214A9-8685-4C05-9F74-F4FA30A8EF76}.Release|Any CPU.Build.0 = Release|Any CPU
		{95E214A9-8685-4C05-9F74-F4FA30A8EF76}.Release|x64.ActiveCfg = Release|Any CPU
		{95E214A9-8685-4C05-9F74-F4FA30A8EF76}.Release|x64.Build.0 = Release|Any CPU
		{95E214A9-8685-4C05-9F74-F4FA30A8EF76}.Release|x86.ActiveCfg = Release|Any CPU
		{95E214A9-8685-4C05-9F74-F4FA30A8EF76}.Release|x86.Build.0 = Release|Any CPU
	EndGlobalSection
EndGlobal
